// !$*UTF8*$!
{
	archiveVersion = 1;
	classes = {
	};
	objectVersion = 50;
	objects = {

/* Begin PBXBuildFile section */
		EEFC848E23EA9A2D000ECAF8 /* AppDelegate.swift in Sources */ = {isa = PBXBuildFile; fileRef = EEFC848D23EA9A2D000ECAF8 /* AppDelegate.swift */; };
		EEFC849023EA9A2D000ECAF8 /* SceneDelegate.swift in Sources */ = {isa = PBXBuildFile; fileRef = EEFC848F23EA9A2D000ECAF8 /* SceneDelegate.swift */; };
		EEFC849223EA9A2D000ECAF8 /* ViewController.swift in Sources */ = {isa = PBXBuildFile; fileRef = EEFC849123EA9A2D000ECAF8 /* ViewController.swift */; };
		EEFC849523EA9A2D000ECAF8 /* Main.storyboard in Resources */ = {isa = PBXBuildFile; fileRef = EEFC849323EA9A2D000ECAF8 /* Main.storyboard */; };
		EEFC849723EA9A32000ECAF8 /* Assets.xcassets in Resources */ = {isa = PBXBuildFile; fileRef = EEFC849623EA9A32000ECAF8 /* Assets.xcassets */; };
		EEFC849A23EA9A32000ECAF8 /* LaunchScreen.storyboard in Resources */ = {isa = PBXBuildFile; fileRef = EEFC849823EA9A32000ECAF8 /* LaunchScreen.storyboard */; };
/* End PBXBuildFile section */

/* Begin PBXFileReference section */
		EEFC848A23EA9A2D000ECAF8 /* SideMenu.app */ = {isa = PBXFileReference; explicitFileType = wrapper.application; includeInIndex = 0; path = SideMenu.app; sourceTree = BUILT_PRODUCTS_DIR; };
		EEFC848D23EA9A2D000ECAF8 /* AppDelegate.swift */ = {isa = PBXFileReference; lastKnownFileType = sourcecode.swift; path = AppDelegate.swift; sourceTree = "<group>"; };
		EEFC848F23EA9A2D000ECAF8 /* SceneDelegate.swift */ = {isa = PBXFileReference; lastKnownFileType = sourcecode.swift; path = SceneDelegate.swift; sourceTree = "<group>"; };
		EEFC849123EA9A2D000ECAF8 /* ViewController.swift */ = {isa = PBXFileReference; lastKnownFileType = sourcecode.swift; path = ViewController.swift; sourceTree = "<group>"; };
		EEFC849423EA9A2D000ECAF8 /* Base */ = {isa = PBXFileReference; lastKnownFileType = file.storyboard; name = Base; path = Base.lproj/Main.storyboard; sourceTree = "<group>"; };
		EEFC849623EA9A32000ECAF8 /* Assets.xcassets */ = {isa = PBXFileReference; lastKnownFileType = folder.assetcatalog; path = Assets.xcassets; sourceTree = "<group>"; };
		EEFC849923EA9A32000ECAF8 /* Base */ = {isa = PBXFileReference; lastKnownFileType = file.storyboard; name = Base; path = Base.lproj/LaunchScreen.storyboard; sourceTree = "<group>"; };
		EEFC849B23EA9A32000ECAF8 /* Info.plist */ = {isa = PBXFileReference; lastKnownFileType = text.plist.xml; path = Info.plist; sourceTree = "<group>"; };
/* End PBXFileReference section */

/* Begin PBXFrameworksBuildPhase section */
		EEFC848723EA9A2D000ECAF8 /* Frameworks */ = {
			isa = PBXFrameworksBuildPhase;
			buildActionMask = 2147483647;
			files = (
			);
			runOnlyForDeploymentPostprocessing = 0;
		};
/* End PBXFrameworksBuildPhase section */

/* Begin PBXGroup section */
		EEFC848123EA9A2C000ECAF8 = {
			isa = PBXGroup;
			children = (
				EEFC848C23EA9A2D000ECAF8 /* SideMenu */,
				EEFC848B23EA9A2D000ECAF8 /* Products */,
			);
			sourceTree = "<group>";
		};
		EEFC848B23EA9A2D000ECAF8 /* Products */ = {
			isa = PBXGroup;
			children = (
				EEFC848A23EA9A2D000ECAF8 /* SideMenu.app */,
			);
			name = Products;
			sourceTree = "<group>";
		};
		EEFC848C23EA9A2D000ECAF8 /* SideMenu */ = {
			isa = PBXGroup;
			children = (
				EEFC848D23EA9A2D000ECAF8 /* AppDelegate.swift */,
				EEFC848F23EA9A2D000ECAF8 /* SceneDelegate.swift */,
				EEFC849123EA9A2D000ECAF8 /* ViewController.swift */,
				EEFC849323EA9A2D000ECAF8 /* Main.storyboard */,
				EEFC849623EA9A32000ECAF8 /* Assets.xcassets */,
				EEFC849823EA9A32000ECAF8 /* LaunchScreen.storyboard */,
				EEFC849B23EA9A32000ECAF8 /* Info.plist */,
			);
			path = SideMenu;
			sourceTree = "<group>";
		};
/* End PBXGroup section */

/* Begin PBXNativeTarget section */
		EEFC848923EA9A2D000ECAF8 /* SideMenu */ = {
			isa = PBXNativeTarget;
			buildConfigurationList = EEFC849E23EA9A32000ECAF8 /* Build configuration list for PBXNativeTarget "SideMenu" */;
			buildPhases = (
				EEFC848623EA9A2D000ECAF8 /* Sources */,
				EEFC848723EA9A2D000ECAF8 /* Frameworks */,
				EEFC848823EA9A2D000ECAF8 /* Resources */,
			);
			buildRules = (
			);
			dependencies = (
			);
			name = SideMenu;
			productName = SideMenu;
			productReference = EEFC848A23EA9A2D000ECAF8 /* SideMenu.app */;
			productType = "com.apple.product-type.application";
		};
/* End PBXNativeTarget section */

/* Begin PBXProject section */
		EEFC848223EA9A2C000ECAF8 /* Project object */ = {
			isa = PBXProject;
			attributes = {
				LastSwiftUpdateCheck = 1130;
				LastUpgradeCheck = 1130;
				ORGANIZATIONNAME = "JOEL CRAWFORD";
				TargetAttributes = {
					EEFC848923EA9A2D000ECAF8 = {
						CreatedOnToolsVersion = 11.3.1;
					};
				};
			};
			buildConfigurationList = EEFC848523EA9A2C000ECAF8 /* Build configuration list for PBXProject "SideMenu" */;
			compatibilityVersion = "Xcode 9.3";
			developmentRegion = en;
			hasScannedForEncodings = 0;
			knownRegions = (
				en,
				Base,
			);
			mainGroup = EEFC848123EA9A2C000ECAF8;
			productRefGroup = EEFC848B23EA9A2D000ECAF8 /* Products */;
			projectDirPath = "";
			projectRoot = "";
			targets = (
				EEFC848923EA9A2D000ECAF8 /* SideMenu */,
			);
		};
/* End PBXProject section */

/* Begin PBXResourcesBuildPhase section */
		EEFC848823EA9A2D000ECAF8 /* Resources */ = {
			isa = PBXResourcesBuildPhase;
			buildActionMask = 2147483647;
			files = (
				EEFC849A23EA9A32000ECAF8 /* LaunchScreen.storyboard in Resources */,
				EEFC849723EA9A32000ECAF8 /* Assets.xcassets in Resources */,
				EEFC849523EA9A2D000ECAF8 /* Main.storyboard in Resources */,
			);
			runOnlyForDeploymentPostprocessing = 0;
		};
/* End PBXResourcesBuildPhase section */

/* Begin PBXSourcesBuildPhase section */
		EEFC848623EA9A2D000ECAF8 /* Sources */ = {
			isa = PBXSourcesBuildPhase;
			buildActionMask = 2147483647;
			files = (
				EEFC849223EA9A2D000ECAF8 /* ViewController.swift in Sources */,
				EEFC848E23EA9A2D000ECAF8 /* AppDelegate.swift in Sources */,
				EEFC849023EA9A2D000ECAF8 /* SceneDelegate.swift in Sources */,
			);
			runOnlyForDeploymentPostprocessing = 0;
		};
/* End PBXSourcesBuildPhase section */

/* Begin PBXVariantGroup section */
		EEFC849323EA9A2D000ECAF8 /* Main.storyboard */ = {
			isa = PBXVariantGroup;
			children = (
				EEFC849423EA9A2D000ECAF8 /* Base */,
			);
			name = Main.storyboard;
			sourceTree = "<group>";
		};
		EEFC849823EA9A32000ECAF8 /* LaunchScreen.storyboard */ = {
			isa = PBXVariantGroup;
			children = (
				EEFC849923EA9A32000ECAF8 /* Base */,
			);
			name = LaunchScreen.storyboard;
			sourceTree = "<group>";
		};
/* End PBXVariantGroup section */

/* Begin XCBuildConfiguration section */
		EEFC849C23EA9A32000ECAF8 /* Debug */ = {
			isa = XCBuildConfiguration;
			buildSettings = {
				ALWAYS_SEARCH_USER_PATHS = NO;
				CLANG_ANALYZER_NONNULL = YES;
				CLANG_ANALYZER_NUMBER_OBJECT_CONVERSION = YES_AGGRESSIVE;
				CLANG_CXX_LANGUAGE_STANDARD = "gnu++14";
				CLANG_CXX_LIBRARY = "libc++";
				CLANG_ENABLE_MODULES = YES;
				CLANG_ENABLE_OBJC_ARC = YES;
				CLANG_ENABLE_OBJC_WEAK = YES;
				CLANG_WARN_BLOCK_CAPTURE_AUTORELEASING = YES;
				CLANG_WARN_BOOL_CONVERSION = YES;
				CLANG_WARN_COMMA = YES;
				CLANG_WARN_CONSTANT_CONVERSION = YES;
				CLANG_WARN_DEPRECATED_OBJC_IMPLEMENTATIONS = YES;
				CLANG_WARN_DIRECT_OBJC_ISA_USAGE = YES_ERROR;
				CLANG_WARN_DOCUMENTATION_COMMENTS = YES;
				CLANG_WARN_EMPTY_BODY = YES;
				CLANG_WARN_ENUM_CONVERSION = YES;
				CLANG_WARN_INFINITE_RECURSION = YES;
				CLANG_WARN_INT_CONVERSION = YES;
				CLANG_WARN_NON_LITERAL_NULL_CONVERSION = YES;
				CLANG_WARN_OBJC_IMPLICIT_RETAIN_SELF = YES;
				CLANG_WARN_OBJC_LITERAL_CONVERSION = YES;
				CLANG_WARN_OBJC_ROOT_CLASS = YES_ERROR;
				CLANG_WARN_RANGE_LOOP_ANALYSIS = YES;
				CLANG_WARN_STRICT_PROTOTYPES = YES;
				CLANG_WARN_SUSPICIOUS_MOVE = YES;
				CLANG_WARN_UNGUARDED_AVAILABILITY = YES_AGGRESSIVE;
				CLANG_WARN_UNREACHABLE_CODE = YES;
				CLANG_WARN__DUPLICATE_METHOD_MATCH = YES;
				COPY_PHASE_STRIP = NO;
				DEBUG_INFORMATION_FORMAT = dwarf;
				ENABLE_STRICT_OBJC_MSGSEND = YES;
				ENABLE_TESTABILITY = YES;
				GCC_C_LANGUAGE_STANDARD = gnu11;
				GCC_DYNAMIC_NO_PIC = NO;
				GCC_NO_COMMON_BLOCKS = YES;
				GCC_OPTIMIZATION_LEVEL = 0;
				GCC_PREPROCESSOR_DEFINITIONS = (
					"DEBUG=1",
					"$(inherited)",
				);
				GCC_WARN_64_TO_32_BIT_CONVERSION = YES;
				GCC_WARN_ABOUT_RETURN_TYPE = YES_ERROR;
				GCC_WARN_UNDECLARED_SELECTOR = YES;
				GCC_WARN_UNINITIALIZED_AUTOS = YES_AGGRESSIVE;
				GCC_WARN_UNUSED_FUNCTION = YES;
				GCC_WARN_UNUSED_VARIABLE = YES;
				IPHONEOS_DEPLOYMENT_TARGET = 13.2;
				MTL_ENABLE_DEBUG_INFO = INCLUDE_SOURCE;
				MTL_FAST_MATH = YES;
				ONLY_ACTIVE_ARCH = YES;
				SDKROOT = iphoneos;
				SWIFT_ACTIVE_COMPILATION_CONDITIONS = DEBUG;
				SWIFT_OPTIMIZATION_LEVEL = "-Onone";
			};
			name = Debug;
		};
		EEFC849D23EA9A32000ECAF8 /* Release */ = {
			isa = XCBuildConfiguration;
			buildSettings = {
				ALWAYS_SEARCH_USER_PATHS = NO;
				CLANG_ANALYZER_NONNULL = YES;
				CLANG_ANALYZER_NUMBER_OBJECT_CONVERSION = YES_AGGRESSIVE;
				CLANG_CXX_LANGUAGE_STANDARD = "gnu++14";
				CLANG_CXX_LIBRARY = "libc++";
				CLANG_ENABLE_MODULES = YES;
				CLANG_ENABLE_OBJC_ARC = YES;
				CLANG_ENABLE_OBJC_WEAK = YES;
				CLANG_WARN_BLOCK_CAPTURE_AUTORELEASING = YES;
				CLANG_WARN_BOOL_CONVERSION = YES;
				CLANG_WARN_COMMA = YES;
				CLANG_WARN_CONSTANT_CONVERSION = YES;
				CLANG_WARN_DEPRECATED_OBJC_IMPLEMENTATIONS = YES;
				CLANG_WARN_DIRECT_OBJC_ISA_USAGE = YES_ERROR;
				CLANG_WARN_DOCUMENTATION_COMMENTS = YES;
				CLANG_WARN_EMPTY_BODY = YES;
				CLANG_WARN_ENUM_CONVERSION = YES;
				CLANG_WARN_INFINITE_RECURSION = YES;
				CLANG_WARN_INT_CONVERSION = YES;
				CLANG_WARN_NON_LITERAL_NULL_CONVERSION = YES;
				CLANG_WARN_OBJC_IMPLICIT_RETAIN_SELF = YES;
				CLANG_WARN_OBJC_LITERAL_CONVERSION = YES;
				CLANG_WARN_OBJC_ROOT_CLASS = YES_ERROR;
				CLANG_WARN_RANGE_LOOP_ANALYSIS = YES;
				CLANG_WARN_STRICT_PROTOTYPES = YES;
				CLANG_WARN_SUSPICIOUS_MOVE = YES;
				CLANG_WARN_UNGUARDED_AVAILABILITY = YES_AGGRESSIVE;
				CLANG_WARN_UNREACHABLE_CODE = YES;
				CLANG_WARN__DUPLICATE_METHOD_MATCH = YES;
				COPY_PHASE_STRIP = NO;
				DEBUG_INFORMATION_FORMAT = "dwarf-with-dsym";
				ENABLE_NS_ASSERTIONS = NO;
				ENABLE_STRICT_OBJC_MSGSEND = YES;
				GCC_C_LANGUAGE_STANDARD = gnu11;
				GCC_NO_COMMON_BLOCKS = YES;
				GCC_WARN_64_TO_32_BIT_CONVERSION = YES;
				GCC_WARN_ABOUT_RETURN_TYPE = YES_ERROR;
				GCC_WARN_UNDECLARED_SELECTOR = YES;
				GCC_WARN_UNINITIALIZED_AUTOS = YES_AGGRESSIVE;
				GCC_WARN_UNUSED_FUNCTION = YES;
				GCC_WARN_UNUSED_VARIABLE = YES;
				IPHONEOS_DEPLOYMENT_TARGET = 13.2;
				MTL_ENABLE_DEBUG_INFO = NO;
				MTL_FAST_MATH = YES;
				SDKROOT = iphoneos;
				SWIFT_COMPILATION_MODE = wholemodule;
				SWIFT_OPTIMIZATION_LEVEL = "-O";
				VALIDATE_PRODUCT = YES;
			};
			name = Release;
		};
		EEFC849F23EA9A32000ECAF8 /* Debug */ = {
			isa = XCBuildConfiguration;
			buildSettings = {
				ASSETCATALOG_COMPILER_APPICON_NAME = AppIcon;
				CODE_SIGN_STYLE = Automatic;
				INFOPLIST_FILE = SideMenu/Info.plist;
				LD_RUNPATH_SEARCH_PATHS = (
					"$(inherited)",
					"@executable_path/Frameworks",
				);
				PRODUCT_BUNDLE_IDENTIFIER = RTS.SideMenu;
				PRODUCT_NAME = "$(TARGET_NAME)";
				SWIFT_VERSION = 5.0;
				TARGETED_DEVICE_FAMILY = "1,2";
			};
			name = Debug;
		};
		EEFC84A023EA9A32000ECAF8 /* Release */ = {
			isa = XCBuildConfiguration;
			buildSettings = {
				ASSETCATALOG_COMPILER_APPICON_NAME = AppIcon;
				CODE_SIGN_STYLE = Automatic;
				INFOPLIST_FILE = SideMenu/Info.plist;
				LD_RUNPATH_SEARCH_PATHS = (
					"$(inherited)",
					"@executable_path/Frameworks",
				);
				PRODUCT_BUNDLE_IDENTIFIER = RTS.SideMenu;
				PRODUCT_NAME = "$(TARGET_NAME)";
				SWIFT_VERSION = 5.0;
				TARGETED_DEVICE_FAMILY = "1,2";
			};
			name = Release;
		};
/* End XCBuildConfiguration section */

/* Begin XCConfigurationList section */
		EEFC848523EA9A2C000ECAF8 /* Build configuration list for PBXProject "SideMenu" */ = {
			isa = XCConfigurationList;
			buildConfigurations = (
				EEFC849C23EA9A32000ECAF8 /* Debug */,
				EEFC849D23EA9A32000ECAF8 /* Release */,
			);
			defaultConfigurationIsVisible = 0;
			defaultConfigurationName = Release;
		};
		EEFC849E23EA9A32000ECAF8 /* Build configuration list for PBXNativeTarget "SideMenu" */ = {
			isa = XCConfigurationList;
			buildConfigurations = (
				EEFC849F23EA9A32000ECAF8 /* Debug */,
				EEFC84A023EA9A32000ECAF8 /* Release */,
			);
			defaultConfigurationIsVisible = 0;
			defaultConfigurationName = Release;
		};
/* End XCConfigurationList section */
	};
	rootObject = EEFC848223EA9A2C000ECAF8 /* Project object */;
}
